// !$*UTF8*$!
{
	archiveVersion = 1;
	classes = {
	};
	objectVersion = 56;
	objects = {

/* Begin PBXBuildFile section */
		8F1C3FD82BF53BF500B09CAC /* WeatherResponse.swift in Sources */ = {isa = PBXBuildFile; fileRef = 8F1C3FD72BF53BF500B09CAC /* WeatherResponse.swift */; };
		8F26B8422BD43C970060BEA6 /* WaveCastApp.swift in Sources */ = {isa = PBXBuildFile; fileRef = 8F26B8412BD43C970060BEA6 /* WaveCastApp.swift */; };
		8F26B8442BD43C970060BEA6 /* ContentView.swift in Sources */ = {isa = PBXBuildFile; fileRef = 8F26B8432BD43C970060BEA6 /* ContentView.swift */; };
		8F26B8462BD43C970060BEA6 /* Item.swift in Sources */ = {isa = PBXBuildFile; fileRef = 8F26B8452BD43C970060BEA6 /* Item.swift */; };
		8F26B8482BD43C990060BEA6 /* Assets.xcassets in Resources */ = {isa = PBXBuildFile; fileRef = 8F26B8472BD43C990060BEA6 /* Assets.xcassets */; };
		8F26B84B2BD43C990060BEA6 /* Preview Assets.xcassets in Resources */ = {isa = PBXBuildFile; fileRef = 8F26B84A2BD43C990060BEA6 /* Preview Assets.xcassets */; };
		8F26B8592BD441720060BEA6 /* ButtonView.swift in Sources */ = {isa = PBXBuildFile; fileRef = 8F26B8582BD441720060BEA6 /* ButtonView.swift */; };
		8F26B85E2BD449F70060BEA6 /* HomeView.swift in Sources */ = {isa = PBXBuildFile; fileRef = 8F26B85D2BD449F70060BEA6 /* HomeView.swift */; };
		8F26B8622BD455420060BEA6 /* MapView.swift in Sources */ = {isa = PBXBuildFile; fileRef = 8F26B8612BD455420060BEA6 /* MapView.swift */; };
		8F26B8642BD4558C0060BEA6 /* LessonsView.swift in Sources */ = {isa = PBXBuildFile; fileRef = 8F26B8632BD4558C0060BEA6 /* LessonsView.swift */; };
		8F26B8662BD455A40060BEA6 /* NewsView.swift in Sources */ = {isa = PBXBuildFile; fileRef = 8F26B8652BD455A40060BEA6 /* NewsView.swift */; };
		8F26B8682BD455F80060BEA6 /* FavouriteView.swift in Sources */ = {isa = PBXBuildFile; fileRef = 8F26B8672BD455F80060BEA6 /* FavouriteView.swift */; };
		8F26B86F2BD46A150060BEA6 /* MapModel.swift in Sources */ = {isa = PBXBuildFile; fileRef = 8F26B86E2BD46A150060BEA6 /* MapModel.swift */; };
		8F291A572BDED68C00B76549 /* NetworkManager.swift in Sources */ = {isa = PBXBuildFile; fileRef = 8F291A552BDED68C00B76549 /* NetworkManager.swift */; };
		8F291A582BDED68C00B76549 /* MapAPI.swift in Sources */ = {isa = PBXBuildFile; fileRef = 8F291A562BDED68C00B76549 /* MapAPI.swift */; };
		8F3745612BEF95D20030B0EE /* NavigationBarView.swift in Sources */ = {isa = PBXBuildFile; fileRef = 8F3745602BEF95D20030B0EE /* NavigationBarView.swift */; };
		8F3745632BEF97B40030B0EE /* TabBarView.swift in Sources */ = {isa = PBXBuildFile; fileRef = 8F3745622BEF97B40030B0EE /* TabBarView.swift */; };
		8F3745652BEF9B9D0030B0EE /* TopBarView.swift in Sources */ = {isa = PBXBuildFile; fileRef = 8F3745642BEF9B9D0030B0EE /* TopBarView.swift */; };
		8F3745682BEF9D9D0030B0EE /* Shape+.swift in Sources */ = {isa = PBXBuildFile; fileRef = 8F3745672BEF9D9D0030B0EE /* Shape+.swift */; };
		8F37456A2BEFCEDF0030B0EE /* SurfForecastCardView.swift in Sources */ = {isa = PBXBuildFile; fileRef = 8F3745692BEFCEDF0030B0EE /* SurfForecastCardView.swift */; };
		8F37456D2BEFE36B0030B0EE /* DetailCard.swift in Sources */ = {isa = PBXBuildFile; fileRef = 8F37456C2BEFE36B0030B0EE /* DetailCard.swift */; };
		8F42D9202BFCFC9200A50C3D /* LottieAnimation.swift in Sources */ = {isa = PBXBuildFile; fileRef = 8F42D91F2BFCFC9200A50C3D /* LottieAnimation.swift */; };
		8F42D9232BFCFD7100A50C3D /* Lottie in Frameworks */ = {isa = PBXBuildFile; productRef = 8F42D9222BFCFD7100A50C3D /* Lottie */; };
		8F42D9252BFCFED500A50C3D /* mapAnimation.json in Resources */ = {isa = PBXBuildFile; fileRef = 8F42D9242BFCFED500A50C3D /* mapAnimation.json */; };
		8F42D9272BFD064B00A50C3D /* MapViewModel.swift in Sources */ = {isa = PBXBuildFile; fileRef = 8F42D9262BFD064B00A50C3D /* MapViewModel.swift */; };
		8F42D9292BFD2C3D00A50C3D /* Double+.swift in Sources */ = {isa = PBXBuildFile; fileRef = 8F42D9282BFD2C3D00A50C3D /* Double+.swift */; };
		8F471C8F2BF288660027ACC5 /* ForectasDetailView.swift in Sources */ = {isa = PBXBuildFile; fileRef = 8F471C8E2BF288660027ACC5 /* ForectasDetailView.swift */; };
		8F471C912BF289660027ACC5 /* ForecastView.swift in Sources */ = {isa = PBXBuildFile; fileRef = 8F471C902BF289660027ACC5 /* ForecastView.swift */; };
		8F4B8F332BFBD39B0064AA30 /* LessosCardView.swift in Sources */ = {isa = PBXBuildFile; fileRef = 8F4B8F322BFBD39B0064AA30 /* LessosCardView.swift */; };
		8F4B8F352BFBD65D0064AA30 /* LessonModel.swift in Sources */ = {isa = PBXBuildFile; fileRef = 8F4B8F342BFBD65D0064AA30 /* LessonModel.swift */; };
		8F4EF9302BFE63A700F06E2A /* ForecastViewModel.swift in Sources */ = {isa = PBXBuildFile; fileRef = 8F4EF92F2BFE63A700F06E2A /* ForecastViewModel.swift */; };
		8F4EF9332BFE6E9B00F06E2A /* DateFormatter+.swift in Sources */ = {isa = PBXBuildFile; fileRef = 8F4EF9322BFE6E9B00F06E2A /* DateFormatter+.swift */; };
		8FCC610A2BFBD10A0025608C /* Localizable.strings in Resources */ = {isa = PBXBuildFile; fileRef = 8FCC61092BFBD10A0025608C /* Localizable.strings */; };
		8FCC610C2BFBD1270025608C /* String+.swift in Sources */ = {isa = PBXBuildFile; fileRef = 8FCC610B2BFBD1270025608C /* String+.swift */; };
/* End PBXBuildFile section */

/* Begin PBXFileReference section */
		8F1C3FD72BF53BF500B09CAC /* WeatherResponse.swift */ = {isa = PBXFileReference; lastKnownFileType = sourcecode.swift; path = WeatherResponse.swift; sourceTree = "<group>"; };
		8F26B83E2BD43C970060BEA6 /* WaveCast.app */ = {isa = PBXFileReference; explicitFileType = wrapper.application; includeInIndex = 0; path = WaveCast.app; sourceTree = BUILT_PRODUCTS_DIR; };
		8F26B8412BD43C970060BEA6 /* WaveCastApp.swift */ = {isa = PBXFileReference; lastKnownFileType = sourcecode.swift; path = WaveCastApp.swift; sourceTree = "<group>"; };
		8F26B8432BD43C970060BEA6 /* ContentView.swift */ = {isa = PBXFileReference; lastKnownFileType = sourcecode.swift; path = ContentView.swift; sourceTree = "<group>"; };
		8F26B8452BD43C970060BEA6 /* Item.swift */ = {isa = PBXFileReference; lastKnownFileType = sourcecode.swift; path = Item.swift; sourceTree = "<group>"; };
		8F26B8472BD43C990060BEA6 /* Assets.xcassets */ = {isa = PBXFileReference; lastKnownFileType = folder.assetcatalog; path = Assets.xcassets; sourceTree = "<group>"; };
		8F26B84A2BD43C990060BEA6 /* Preview Assets.xcassets */ = {isa = PBXFileReference; lastKnownFileType = folder.assetcatalog; path = "Preview Assets.xcassets"; sourceTree = "<group>"; };
		8F26B8582BD441720060BEA6 /* ButtonView.swift */ = {isa = PBXFileReference; lastKnownFileType = sourcecode.swift; path = ButtonView.swift; sourceTree = "<group>"; };
		8F26B85D2BD449F70060BEA6 /* HomeView.swift */ = {isa = PBXFileReference; lastKnownFileType = sourcecode.swift; path = HomeView.swift; sourceTree = "<group>"; };
		8F26B8612BD455420060BEA6 /* MapView.swift */ = {isa = PBXFileReference; lastKnownFileType = sourcecode.swift; path = MapView.swift; sourceTree = "<group>"; };
		8F26B8632BD4558C0060BEA6 /* LessonsView.swift */ = {isa = PBXFileReference; lastKnownFileType = sourcecode.swift; path = LessonsView.swift; sourceTree = "<group>"; };
		8F26B8652BD455A40060BEA6 /* NewsView.swift */ = {isa = PBXFileReference; lastKnownFileType = sourcecode.swift; path = NewsView.swift; sourceTree = "<group>"; };
		8F26B8672BD455F80060BEA6 /* FavouriteView.swift */ = {isa = PBXFileReference; lastKnownFileType = sourcecode.swift; path = FavouriteView.swift; sourceTree = "<group>"; };
		8F26B86D2BD469C20060BEA6 /* Info.plist */ = {isa = PBXFileReference; lastKnownFileType = text.plist; path = Info.plist; sourceTree = "<group>"; };
		8F26B86E2BD46A150060BEA6 /* MapModel.swift */ = {isa = PBXFileReference; lastKnownFileType = sourcecode.swift; path = MapModel.swift; sourceTree = "<group>"; };
		8F291A552BDED68C00B76549 /* NetworkManager.swift */ = {isa = PBXFileReference; fileEncoding = 4; lastKnownFileType = sourcecode.swift; path = NetworkManager.swift; sourceTree = "<group>"; };
		8F291A562BDED68C00B76549 /* MapAPI.swift */ = {isa = PBXFileReference; fileEncoding = 4; lastKnownFileType = sourcecode.swift; path = MapAPI.swift; sourceTree = "<group>"; };
		8F3745602BEF95D20030B0EE /* NavigationBarView.swift */ = {isa = PBXFileReference; lastKnownFileType = sourcecode.swift; path = NavigationBarView.swift; sourceTree = "<group>"; };
		8F3745622BEF97B40030B0EE /* TabBarView.swift */ = {isa = PBXFileReference; lastKnownFileType = sourcecode.swift; path = TabBarView.swift; sourceTree = "<group>"; };
		8F3745642BEF9B9D0030B0EE /* TopBarView.swift */ = {isa = PBXFileReference; lastKnownFileType = sourcecode.swift; path = TopBarView.swift; sourceTree = "<group>"; };
		8F3745672BEF9D9D0030B0EE /* Shape+.swift */ = {isa = PBXFileReference; lastKnownFileType = sourcecode.swift; path = "Shape+.swift"; sourceTree = "<group>"; };
		8F3745692BEFCEDF0030B0EE /* SurfForecastCardView.swift */ = {isa = PBXFileReference; lastKnownFileType = sourcecode.swift; path = SurfForecastCardView.swift; sourceTree = "<group>"; };
		8F37456C2BEFE36B0030B0EE /* DetailCard.swift */ = {isa = PBXFileReference; lastKnownFileType = sourcecode.swift; path = DetailCard.swift; sourceTree = "<group>"; };
		8F42D91F2BFCFC9200A50C3D /* LottieAnimation.swift */ = {isa = PBXFileReference; lastKnownFileType = sourcecode.swift; path = LottieAnimation.swift; sourceTree = "<group>"; };
		8F42D9242BFCFED500A50C3D /* mapAnimation.json */ = {isa = PBXFileReference; fileEncoding = 4; lastKnownFileType = text.json; path = mapAnimation.json; sourceTree = "<group>"; };
		8F42D9262BFD064B00A50C3D /* MapViewModel.swift */ = {isa = PBXFileReference; lastKnownFileType = sourcecode.swift; path = MapViewModel.swift; sourceTree = "<group>"; };
		8F42D9282BFD2C3D00A50C3D /* Double+.swift */ = {isa = PBXFileReference; lastKnownFileType = sourcecode.swift; path = "Double+.swift"; sourceTree = "<group>"; };
		8F471C8E2BF288660027ACC5 /* ForectasDetailView.swift */ = {isa = PBXFileReference; lastKnownFileType = sourcecode.swift; path = ForectasDetailView.swift; sourceTree = "<group>"; };
		8F471C902BF289660027ACC5 /* ForecastView.swift */ = {isa = PBXFileReference; lastKnownFileType = sourcecode.swift; path = ForecastView.swift; sourceTree = "<group>"; };
		8F4B8F322BFBD39B0064AA30 /* LessosCardView.swift */ = {isa = PBXFileReference; lastKnownFileType = sourcecode.swift; path = LessosCardView.swift; sourceTree = "<group>"; };
		8F4B8F342BFBD65D0064AA30 /* LessonModel.swift */ = {isa = PBXFileReference; lastKnownFileType = sourcecode.swift; path = LessonModel.swift; sourceTree = "<group>"; };
		8F4EF92F2BFE63A700F06E2A /* ForecastViewModel.swift */ = {isa = PBXFileReference; lastKnownFileType = sourcecode.swift; path = ForecastViewModel.swift; sourceTree = "<group>"; };
		8F4EF9322BFE6E9B00F06E2A /* DateFormatter+.swift */ = {isa = PBXFileReference; lastKnownFileType = sourcecode.swift; path = "DateFormatter+.swift"; sourceTree = "<group>"; };
		8FCC61092BFBD10A0025608C /* Localizable.strings */ = {isa = PBXFileReference; lastKnownFileType = text.plist.strings; path = Localizable.strings; sourceTree = "<group>"; };
		8FCC610B2BFBD1270025608C /* String+.swift */ = {isa = PBXFileReference; lastKnownFileType = sourcecode.swift; path = "String+.swift"; sourceTree = "<group>"; };
/* End PBXFileReference section */

/* Begin PBXFrameworksBuildPhase section */
		8F26B83B2BD43C970060BEA6 /* Frameworks */ = {
			isa = PBXFrameworksBuildPhase;
			buildActionMask = 2147483647;
			files = (
				8F42D9232BFCFD7100A50C3D /* Lottie in Frameworks */,
			);
			runOnlyForDeploymentPostprocessing = 0;
		};
/* End PBXFrameworksBuildPhase section */

/* Begin PBXGroup section */
		8F26B8352BD43C970060BEA6 = {
			isa = PBXGroup;
			children = (
				8F26B8402BD43C970060BEA6 /* WaveCast */,
				8F26B83F2BD43C970060BEA6 /* Products */,
			);
			sourceTree = "<group>";
		};
		8F26B83F2BD43C970060BEA6 /* Products */ = {
			isa = PBXGroup;
			children = (
				8F26B83E2BD43C970060BEA6 /* WaveCast.app */,
			);
			name = Products;
			sourceTree = "<group>";
		};
		8F26B8402BD43C970060BEA6 /* WaveCast */ = {
			isa = PBXGroup;
			children = (
				8F26B86D2BD469C20060BEA6 /* Info.plist */,
				8F26B8432BD43C970060BEA6 /* ContentView.swift */,
				8F26B8452BD43C970060BEA6 /* Item.swift */,
				8F26B8412BD43C970060BEA6 /* WaveCastApp.swift */,
				8F42D91E2BFCFC6900A50C3D /* Animations */,
				8F26B8552BD43F020060BEA6 /* Components */,
				8F3745662BEF9D890030B0EE /* Extensions */,
				8F26B8522BD43E8C0060BEA6 /* Models */,
				8F291A542BDED68C00B76549 /* NetworkManager */,
				8F26B8492BD43C990060BEA6 /* Preview Content */,
				8F26B8532BD43E930060BEA6 /* Resources */,
				8F26B8542BD43EC90060BEA6 /* ViewModels */,
				8F26B8512BD43E7C0060BEA6 /* Views */,
			);
			path = WaveCast;
			sourceTree = "<group>";
		};
		8F26B8492BD43C990060BEA6 /* Preview Content */ = {
			isa = PBXGroup;
			children = (
				8F26B84A2BD43C990060BEA6 /* Preview Assets.xcassets */,
			);
			path = "Preview Content";
			sourceTree = "<group>";
		};
		8F26B8512BD43E7C0060BEA6 /* Views */ = {
			isa = PBXGroup;
			children = (
				8F4B8F2F2BFBD32E0064AA30 /* LessonsCard */,
				8F37456B2BEFE3500030B0EE /* ForecastDetailView */,
				8F26B85D2BD449F70060BEA6 /* HomeView.swift */,
				8F26B8612BD455420060BEA6 /* MapView.swift */,
				8F26B8632BD4558C0060BEA6 /* LessonsView.swift */,
				8F26B8652BD455A40060BEA6 /* NewsView.swift */,
				8F26B8672BD455F80060BEA6 /* FavouriteView.swift */,
				8F471C902BF289660027ACC5 /* ForecastView.swift */,
			);
			path = Views;
			sourceTree = "<group>";
		};
		8F26B8522BD43E8C0060BEA6 /* Models */ = {
			isa = PBXGroup;
			children = (
				8F26B86E2BD46A150060BEA6 /* MapModel.swift */,
				8F1C3FD72BF53BF500B09CAC /* WeatherResponse.swift */,
				8F4B8F342BFBD65D0064AA30 /* LessonModel.swift */,
			);
			path = Models;
			sourceTree = "<group>";
		};
		8F26B8532BD43E930060BEA6 /* Resources */ = {
			isa = PBXGroup;
			children = (
				8FCC61092BFBD10A0025608C /* Localizable.strings */,
				8F42D9242BFCFED500A50C3D /* mapAnimation.json */,
				8F26B8472BD43C990060BEA6 /* Assets.xcassets */,
			);
			path = Resources;
			sourceTree = "<group>";
		};
		8F26B8542BD43EC90060BEA6 /* ViewModels */ = {
			isa = PBXGroup;
			children = (
				8F42D9262BFD064B00A50C3D /* MapViewModel.swift */,
				8F4EF92F2BFE63A700F06E2A /* ForecastViewModel.swift */,
			);
			path = ViewModels;
			sourceTree = "<group>";
		};
		8F26B8552BD43F020060BEA6 /* Components */ = {
			isa = PBXGroup;
			children = (
				8F26B8582BD441720060BEA6 /* ButtonView.swift */,
				8F3745602BEF95D20030B0EE /* NavigationBarView.swift */,
				8F3745622BEF97B40030B0EE /* TabBarView.swift */,
				8F3745642BEF9B9D0030B0EE /* TopBarView.swift */,
				8F3745692BEFCEDF0030B0EE /* SurfForecastCardView.swift */,
			);
			path = Components;
			sourceTree = "<group>";
		};
		8F291A542BDED68C00B76549 /* NetworkManager */ = {
			isa = PBXGroup;
			children = (
				8F291A552BDED68C00B76549 /* NetworkManager.swift */,
				8F291A562BDED68C00B76549 /* MapAPI.swift */,
			);
			path = NetworkManager;
			sourceTree = "<group>";
		};
		8F3745662BEF9D890030B0EE /* Extensions */ = {
			isa = PBXGroup;
			children = (
				8F3745672BEF9D9D0030B0EE /* Shape+.swift */,
				8FCC610B2BFBD1270025608C /* String+.swift */,
				8F42D9282BFD2C3D00A50C3D /* Double+.swift */,
				8F4EF9322BFE6E9B00F06E2A /* DateFormatter+.swift */,
			);
			path = Extensions;
			sourceTree = "<group>";
		};
		8F37456B2BEFE3500030B0EE /* ForecastDetailView */ = {
			isa = PBXGroup;
			children = (
				8F37456C2BEFE36B0030B0EE /* DetailCard.swift */,
				8F471C8E2BF288660027ACC5 /* ForectasDetailView.swift */,
			);
			path = ForecastDetailView;
			sourceTree = "<group>";
		};
		8F42D91E2BFCFC6900A50C3D /* Animations */ = {
			isa = PBXGroup;
			children = (
				8F42D91F2BFCFC9200A50C3D /* LottieAnimation.swift */,
			);
			path = Animations;
			sourceTree = "<group>";
		};
		8F4B8F2F2BFBD32E0064AA30 /* LessonsCard */ = {
			isa = PBXGroup;
			children = (
				8F4B8F322BFBD39B0064AA30 /* LessosCardView.swift */,
			);
			path = LessonsCard;
			sourceTree = "<group>";
		};
/* End PBXGroup section */

/* Begin PBXNativeTarget section */
		8F26B83D2BD43C970060BEA6 /* WaveCast */ = {
			isa = PBXNativeTarget;
			buildConfigurationList = 8F26B84E2BD43C990060BEA6 /* Build configuration list for PBXNativeTarget "WaveCast" */;
			buildPhases = (
				8F26B83A2BD43C970060BEA6 /* Sources */,
				8F26B83B2BD43C970060BEA6 /* Frameworks */,
				8F26B83C2BD43C970060BEA6 /* Resources */,
			);
			buildRules = (
			);
			dependencies = (
			);
			name = WaveCast;
			packageProductDependencies = (
				8F42D9222BFCFD7100A50C3D /* Lottie */,
			);
			productName = WaveCast;
			productReference = 8F26B83E2BD43C970060BEA6 /* WaveCast.app */;
			productType = "com.apple.product-type.application";
		};
/* End PBXNativeTarget section */

/* Begin PBXProject section */
		8F26B8362BD43C970060BEA6 /* Project object */ = {
			isa = PBXProject;
			attributes = {
				BuildIndependentTargetsInParallel = 1;
				LastSwiftUpdateCheck = 1520;
				LastUpgradeCheck = 1520;
				TargetAttributes = {
					8F26B83D2BD43C970060BEA6 = {
						CreatedOnToolsVersion = 15.2;
					};
				};
			};
			buildConfigurationList = 8F26B8392BD43C970060BEA6 /* Build configuration list for PBXProject "WaveCast" */;
			compatibilityVersion = "Xcode 14.0";
			developmentRegion = en;
			hasScannedForEncodings = 0;
			knownRegions = (
				en,
				Base,
			);
			mainGroup = 8F26B8352BD43C970060BEA6;
			packageReferences = (
				8F42D9212BFCFD7100A50C3D /* XCRemoteSwiftPackageReference "lottie-ios" */,
			);
			productRefGroup = 8F26B83F2BD43C970060BEA6 /* Products */;
			projectDirPath = "";
			projectRoot = "";
			targets = (
				8F26B83D2BD43C970060BEA6 /* WaveCast */,
			);
		};
/* End PBXProject section */

/* Begin PBXResourcesBuildPhase section */
		8F26B83C2BD43C970060BEA6 /* Resources */ = {
			isa = PBXResourcesBuildPhase;
			buildActionMask = 2147483647;
			files = (
				8F26B84B2BD43C990060BEA6 /* Preview Assets.xcassets in Resources */,
				8FCC610A2BFBD10A0025608C /* Localizable.strings in Resources */,
				8F42D9252BFCFED500A50C3D /* mapAnimation.json in Resources */,
				8F26B8482BD43C990060BEA6 /* Assets.xcassets in Resources */,
			);
			runOnlyForDeploymentPostprocessing = 0;
		};
/* End PBXResourcesBuildPhase section */

/* Begin PBXSourcesBuildPhase section */
		8F26B83A2BD43C970060BEA6 /* Sources */ = {
			isa = PBXSourcesBuildPhase;
			buildActionMask = 2147483647;
			files = (
				8F37456D2BEFE36B0030B0EE /* DetailCard.swift in Sources */,
				8F37456A2BEFCEDF0030B0EE /* SurfForecastCardView.swift in Sources */,
				8F26B86F2BD46A150060BEA6 /* MapModel.swift in Sources */,
				8F1C3FD82BF53BF500B09CAC /* WeatherResponse.swift in Sources */,
				8F3745652BEF9B9D0030B0EE /* TopBarView.swift in Sources */,
				8F471C8F2BF288660027ACC5 /* ForectasDetailView.swift in Sources */,
				8F26B8622BD455420060BEA6 /* MapView.swift in Sources */,
				8F4EF9332BFE6E9B00F06E2A /* DateFormatter+.swift in Sources */,
				8F42D9292BFD2C3D00A50C3D /* Double+.swift in Sources */,
				8F4B8F352BFBD65D0064AA30 /* LessonModel.swift in Sources */,
				8F3745632BEF97B40030B0EE /* TabBarView.swift in Sources */,
				8F26B8662BD455A40060BEA6 /* NewsView.swift in Sources */,
				8F26B8442BD43C970060BEA6 /* ContentView.swift in Sources */,
				8F3745612BEF95D20030B0EE /* NavigationBarView.swift in Sources */,
				8F471C912BF289660027ACC5 /* ForecastView.swift in Sources */,
				8F4B8F332BFBD39B0064AA30 /* LessosCardView.swift in Sources */,
				8F26B8462BD43C970060BEA6 /* Item.swift in Sources */,
				8F26B85E2BD449F70060BEA6 /* HomeView.swift in Sources */,
				8F4EF9302BFE63A700F06E2A /* ForecastViewModel.swift in Sources */,
				8F3745682BEF9D9D0030B0EE /* Shape+.swift in Sources */,
				8F42D9272BFD064B00A50C3D /* MapViewModel.swift in Sources */,
				8F26B8682BD455F80060BEA6 /* FavouriteView.swift in Sources */,
				8F291A572BDED68C00B76549 /* NetworkManager.swift in Sources */,
				8F26B8592BD441720060BEA6 /* ButtonView.swift in Sources */,
				8F291A582BDED68C00B76549 /* MapAPI.swift in Sources */,
				8FCC610C2BFBD1270025608C /* String+.swift in Sources */,
				8F26B8642BD4558C0060BEA6 /* LessonsView.swift in Sources */,
				8F26B8422BD43C970060BEA6 /* WaveCastApp.swift in Sources */,
				8F42D9202BFCFC9200A50C3D /* LottieAnimation.swift in Sources */,
			);
			runOnlyForDeploymentPostprocessing = 0;
		};
/* End PBXSourcesBuildPhase section */

/* Begin XCBuildConfiguration section */
		8F26B84C2BD43C990060BEA6 /* Debug */ = {
			isa = XCBuildConfiguration;
			buildSettings = {
				ALWAYS_SEARCH_USER_PATHS = NO;
				ASSETCATALOG_COMPILER_GENERATE_SWIFT_ASSET_SYMBOL_EXTENSIONS = YES;
				CLANG_ANALYZER_NONNULL = YES;
				CLANG_ANALYZER_NUMBER_OBJECT_CONVERSION = YES_AGGRESSIVE;
				CLANG_CXX_LANGUAGE_STANDARD = "gnu++20";
				CLANG_ENABLE_MODULES = YES;
				CLANG_ENABLE_OBJC_ARC = YES;
				CLANG_ENABLE_OBJC_WEAK = YES;
				CLANG_WARN_BLOCK_CAPTURE_AUTORELEASING = YES;
				CLANG_WARN_BOOL_CONVERSION = YES;
				CLANG_WARN_COMMA = YES;
				CLANG_WARN_CONSTANT_CONVERSION = YES;
				CLANG_WARN_DEPRECATED_OBJC_IMPLEMENTATIONS = YES;
				CLANG_WARN_DIRECT_OBJC_ISA_USAGE = YES_ERROR;
				CLANG_WARN_DOCUMENTATION_COMMENTS = YES;
				CLANG_WARN_EMPTY_BODY = YES;
				CLANG_WARN_ENUM_CONVERSION = YES;
				CLANG_WARN_INFINITE_RECURSION = YES;
				CLANG_WARN_INT_CONVERSION = YES;
				CLANG_WARN_NON_LITERAL_NULL_CONVERSION = YES;
				CLANG_WARN_OBJC_IMPLICIT_RETAIN_SELF = YES;
				CLANG_WARN_OBJC_LITERAL_CONVERSION = YES;
				CLANG_WARN_OBJC_ROOT_CLASS = YES_ERROR;
				CLANG_WARN_QUOTED_INCLUDE_IN_FRAMEWORK_HEADER = YES;
				CLANG_WARN_RANGE_LOOP_ANALYSIS = YES;
				CLANG_WARN_STRICT_PROTOTYPES = YES;
				CLANG_WARN_SUSPICIOUS_MOVE = YES;
				CLANG_WARN_UNGUARDED_AVAILABILITY = YES_AGGRESSIVE;
				CLANG_WARN_UNREACHABLE_CODE = YES;
				CLANG_WARN__DUPLICATE_METHOD_MATCH = YES;
				COPY_PHASE_STRIP = NO;
				DEBUG_INFORMATION_FORMAT = dwarf;
				ENABLE_STRICT_OBJC_MSGSEND = YES;
				ENABLE_TESTABILITY = YES;
				ENABLE_USER_SCRIPT_SANDBOXING = YES;
				GCC_C_LANGUAGE_STANDARD = gnu17;
				GCC_DYNAMIC_NO_PIC = NO;
				GCC_NO_COMMON_BLOCKS = YES;
				GCC_OPTIMIZATION_LEVEL = 0;
				GCC_PREPROCESSOR_DEFINITIONS = (
					"DEBUG=1",
					"$(inherited)",
				);
				GCC_WARN_64_TO_32_BIT_CONVERSION = YES;
				GCC_WARN_ABOUT_RETURN_TYPE = YES_ERROR;
				GCC_WARN_UNDECLARED_SELECTOR = YES;
				GCC_WARN_UNINITIALIZED_AUTOS = YES_AGGRESSIVE;
				GCC_WARN_UNUSED_FUNCTION = YES;
				GCC_WARN_UNUSED_VARIABLE = YES;
				IPHONEOS_DEPLOYMENT_TARGET = 17.0;
				LOCALIZATION_PREFERS_STRING_CATALOGS = YES;
				MTL_ENABLE_DEBUG_INFO = INCLUDE_SOURCE;
				MTL_FAST_MATH = YES;
				ONLY_ACTIVE_ARCH = YES;
				SDKROOT = iphoneos;
				SWIFT_ACTIVE_COMPILATION_CONDITIONS = "DEBUG $(inherited)";
				SWIFT_OPTIMIZATION_LEVEL = "-Onone";
			};
			name = Debug;
		};
		8F26B84D2BD43C990060BEA6 /* Release */ = {
			isa = XCBuildConfiguration;
			buildSettings = {
				ALWAYS_SEARCH_USER_PATHS = NO;
				ASSETCATALOG_COMPILER_GENERATE_SWIFT_ASSET_SYMBOL_EXTENSIONS = YES;
				CLANG_ANALYZER_NONNULL = YES;
				CLANG_ANALYZER_NUMBER_OBJECT_CONVERSION = YES_AGGRESSIVE;
				CLANG_CXX_LANGUAGE_STANDARD = "gnu++20";
				CLANG_ENABLE_MODULES = YES;
				CLANG_ENABLE_OBJC_ARC = YES;
				CLANG_ENABLE_OBJC_WEAK = YES;
				CLANG_WARN_BLOCK_CAPTURE_AUTORELEASING = YES;
				CLANG_WARN_BOOL_CONVERSION = YES;
				CLANG_WARN_COMMA = YES;
				CLANG_WARN_CONSTANT_CONVERSION = YES;
				CLANG_WARN_DEPRECATED_OBJC_IMPLEMENTATIONS = YES;
				CLANG_WARN_DIRECT_OBJC_ISA_USAGE = YES_ERROR;
				CLANG_WARN_DOCUMENTATION_COMMENTS = YES;
				CLANG_WARN_EMPTY_BODY = YES;
				CLANG_WARN_ENUM_CONVERSION = YES;
				CLANG_WARN_INFINITE_RECURSION = YES;
				CLANG_WARN_INT_CONVERSION = YES;
				CLANG_WARN_NON_LITERAL_NULL_CONVERSION = YES;
				CLANG_WARN_OBJC_IMPLICIT_RETAIN_SELF = YES;
				CLANG_WARN_OBJC_LITERAL_CONVERSION = YES;
				CLANG_WARN_OBJC_ROOT_CLASS = YES_ERROR;
				CLANG_WARN_QUOTED_INCLUDE_IN_FRAMEWORK_HEADER = YES;
				CLANG_WARN_RANGE_LOOP_ANALYSIS = YES;
				CLANG_WARN_STRICT_PROTOTYPES = YES;
				CLANG_WARN_SUSPICIOUS_MOVE = YES;
				CLANG_WARN_UNGUARDED_AVAILABILITY = YES_AGGRESSIVE;
				CLANG_WARN_UNREACHABLE_CODE = YES;
				CLANG_WARN__DUPLICATE_METHOD_MATCH = YES;
				COPY_PHASE_STRIP = NO;
				DEBUG_INFORMATION_FORMAT = "dwarf-with-dsym";
				ENABLE_NS_ASSERTIONS = NO;
				ENABLE_STRICT_OBJC_MSGSEND = YES;
				ENABLE_USER_SCRIPT_SANDBOXING = YES;
				GCC_C_LANGUAGE_STANDARD = gnu17;
				GCC_NO_COMMON_BLOCKS = YES;
				GCC_WARN_64_TO_32_BIT_CONVERSION = YES;
				GCC_WARN_ABOUT_RETURN_TYPE = YES_ERROR;
				GCC_WARN_UNDECLARED_SELECTOR = YES;
				GCC_WARN_UNINITIALIZED_AUTOS = YES_AGGRESSIVE;
				GCC_WARN_UNUSED_FUNCTION = YES;
				GCC_WARN_UNUSED_VARIABLE = YES;
				IPHONEOS_DEPLOYMENT_TARGET = 17.0;
				LOCALIZATION_PREFERS_STRING_CATALOGS = YES;
				MTL_ENABLE_DEBUG_INFO = NO;
				MTL_FAST_MATH = YES;
				SDKROOT = iphoneos;
				SWIFT_COMPILATION_MODE = wholemodule;
				VALIDATE_PRODUCT = YES;
			};
			name = Release;
		};
		8F26B84F2BD43C990060BEA6 /* Debug */ = {
			isa = XCBuildConfiguration;
			buildSettings = {
				ASSETCATALOG_COMPILER_APPICON_NAME = AppIcon;
				ASSETCATALOG_COMPILER_GLOBAL_ACCENT_COLOR_NAME = AccentColor;
				CODE_SIGN_STYLE = Automatic;
				CURRENT_PROJECT_VERSION = 1;
				DEVELOPMENT_ASSET_PATHS = "\"WaveCast/Preview Content\"";
				DEVELOPMENT_TEAM = DU6PQT532X;
				ENABLE_PREVIEWS = YES;
				GENERATE_INFOPLIST_FILE = YES;
				INFOPLIST_FILE = WaveCast/Info.plist;
				INFOPLIST_KEY_UIApplicationSceneManifest_Generation = YES;
				INFOPLIST_KEY_UIApplicationSupportsIndirectInputEvents = YES;
				INFOPLIST_KEY_UILaunchScreen_Generation = YES;
				INFOPLIST_KEY_UISupportedInterfaceOrientations_iPad = "UIInterfaceOrientationPortrait UIInterfaceOrientationPortraitUpsideDown UIInterfaceOrientationLandscapeLeft UIInterfaceOrientationLandscapeRight";
				INFOPLIST_KEY_UISupportedInterfaceOrientations_iPhone = "UIInterfaceOrientationPortrait UIInterfaceOrientationLandscapeLeft UIInterfaceOrientationLandscapeRight";
				LD_RUNPATH_SEARCH_PATHS = (
					"$(inherited)",
					"@executable_path/Frameworks",
				);
				MARKETING_VERSION = 1.0;
				PRODUCT_BUNDLE_IDENTIFIER = com.pec.WaveCast;
				PRODUCT_NAME = "$(TARGET_NAME)";
				SWIFT_EMIT_LOC_STRINGS = YES;
				SWIFT_VERSION = 5.0;
				TARGETED_DEVICE_FAMILY = "1,2";
			};
			name = Debug;
		};
		8F26B8502BD43C990060BEA6 /* Release */ = {
			isa = XCBuildConfiguration;
			buildSettings = {
				ASSETCATALOG_COMPILER_APPICON_NAME = AppIcon;
				ASSETCATALOG_COMPILER_GLOBAL_ACCENT_COLOR_NAME = AccentColor;
				CODE_SIGN_STYLE = Automatic;
				CURRENT_PROJECT_VERSION = 1;
				DEVELOPMENT_ASSET_PATHS = "\"WaveCast/Preview Content\"";
				DEVELOPMENT_TEAM = DU6PQT532X;
				ENABLE_PREVIEWS = YES;
				GENERATE_INFOPLIST_FILE = YES;
				INFOPLIST_FILE = WaveCast/Info.plist;
				INFOPLIST_KEY_UIApplicationSceneManifest_Generation = YES;
				INFOPLIST_KEY_UIApplicationSupportsIndirectInputEvents = YES;
				INFOPLIST_KEY_UILaunchScreen_Generation = YES;
				INFOPLIST_KEY_UISupportedInterfaceOrientations_iPad = "UIInterfaceOrientationPortrait UIInterfaceOrientationPortraitUpsideDown UIInterfaceOrientationLandscapeLeft UIInterfaceOrientationLandscapeRight";
				INFOPLIST_KEY_UISupportedInterfaceOrientations_iPhone = "UIInterfaceOrientationPortrait UIInterfaceOrientationLandscapeLeft UIInterfaceOrientationLandscapeRight";
				LD_RUNPATH_SEARCH_PATHS = (
					"$(inherited)",
					"@executable_path/Frameworks",
				);
				MARKETING_VERSION = 1.0;
				PRODUCT_BUNDLE_IDENTIFIER = com.pec.WaveCast;
				PRODUCT_NAME = "$(TARGET_NAME)";
				SWIFT_EMIT_LOC_STRINGS = YES;
				SWIFT_VERSION = 5.0;
				TARGETED_DEVICE_FAMILY = "1,2";
			};
			name = Release;
		};
/* End XCBuildConfiguration section */

/* Begin XCConfigurationList section */
		8F26B8392BD43C970060BEA6 /* Build configuration list for PBXProject "WaveCast" */ = {
			isa = XCConfigurationList;
			buildConfigurations = (
				8F26B84C2BD43C990060BEA6 /* Debug */,
				8F26B84D2BD43C990060BEA6 /* Release */,
			);
			defaultConfigurationIsVisible = 0;
			defaultConfigurationName = Release;
		};
		8F26B84E2BD43C990060BEA6 /* Build configuration list for PBXNativeTarget "WaveCast" */ = {
			isa = XCConfigurationList;
			buildConfigurations = (
				8F26B84F2BD43C990060BEA6 /* Debug */,
				8F26B8502BD43C990060BEA6 /* Release */,
			);
			defaultConfigurationIsVisible = 0;
			defaultConfigurationName = Release;
		};
/* End XCConfigurationList section */

/* Begin XCRemoteSwiftPackageReference section */
		8F42D9212BFCFD7100A50C3D /* XCRemoteSwiftPackageReference "lottie-ios" */ = {
			isa = XCRemoteSwiftPackageReference;
			repositoryURL = "https://github.com/airbnb/lottie-ios.git";
			requirement = {
				kind = upToNextMajorVersion;
				minimumVersion = 4.4.3;
			};
		};
/* End XCRemoteSwiftPackageReference section */

/* Begin XCSwiftPackageProductDependency section */
		8F42D9222BFCFD7100A50C3D /* Lottie */ = {
			isa = XCSwiftPackageProductDependency;
			package = 8F42D9212BFCFD7100A50C3D /* XCRemoteSwiftPackageReference "lottie-ios" */;
			productName = Lottie;
		};
/* End XCSwiftPackageProductDependency section */
	};
	rootObject = 8F26B8362BD43C970060BEA6 /* Project object */;
}
